
Microsoft Visual Studio Solution File, Format Version 12.00
# Visual Studio Version 17
VisualStudioVersion = 17.5.33502.453
MinimumVisualStudioVersion = 10.0.40219.1
Project("{FAE04EC0-301F-11D3-BF4B-00C04F79EFBC}") = "ProjectHotel", "ProjectHotel\ProjectHotel.csproj", "{4FDCE824-6E48-462C-B246-D0B719FCAC4D}"
EndProject
Global
	GlobalSection(SolutionConfigurationPlatforms) = preSolution
		Debug|Any CPU = Debug|Any CPU
		Release|Any CPU = Release|Any CPU
	EndGlobalSection
	GlobalSection(ProjectConfigurationPlatforms) = postSolution
		{4FDCE824-6E48-462C-B246-D0B719FCAC4D}.Debug|Any CPU.ActiveCfg = Debug|Any CPU
		{4FDCE824-6E48-462C-B246-D0B719FCAC4D}.Debug|Any CPU.Build.0 = Debug|Any CPU
		{4FDCE824-6E48-462C-B246-D0B719FCAC4D}.Release|Any CPU.ActiveCfg = Release|Any CPU
		{4FDCE824-6E48-462C-B246-D0B719FCAC4D}.Release|Any CPU.Build.0 = Release|Any CPU
	EndGlobalSection
	GlobalSection(SolutionProperties) = preSolution
		HideSolutionNode = FALSE
	EndGlobalSection
	GlobalSection(ExtensibilityGlobals) = postSolution
		SolutionGuid = {80A6CD85-C3B7-47B6-B9B5-586FB7303961}
	EndGlobalSection
EndGlobal
